
Microsoft Visual Studio Solution File, Format Version 12.00
# Visual Studio Version 17
VisualStudioVersion = 17.9.34622.214
MinimumVisualStudioVersion = 10.0.40219.1
Project("{FAE04EC0-301F-11D3-BF4B-00C04F79EFBC}") = "HomeTaskForAton", "HomeTaskForAton\HomeTaskForAton.csproj", "{383B5E60-F0FD-4E76-9E8C-D00D6DFF7118}"
EndProject
Global
	GlobalSection(SolutionConfigurationPlatforms) = preSolution
		Debug|Any CPU = Debug|Any CPU
		Release|Any CPU = Release|Any CPU
	EndGlobalSection
	GlobalSection(ProjectConfigurationPlatforms) = postSolution
		{383B5E60-F0FD-4E76-9E8C-D00D6DFF7118}.Debug|Any CPU.ActiveCfg = Debug|Any CPU
		{383B5E60-F0FD-4E76-9E8C-D00D6DFF7118}.Debug|Any CPU.Build.0 = Debug|Any CPU
		{383B5E60-F0FD-4E76-9E8C-D00D6DFF7118}.Release|Any CPU.ActiveCfg = Release|Any CPU
		{383B5E60-F0FD-4E76-9E8C-D00D6DFF7118}.Release|Any CPU.Build.0 = Release|Any CPU
	EndGlobalSection
	GlobalSection(SolutionProperties) = preSolution
		HideSolutionNode = FALSE
	EndGlobalSection
	GlobalSection(ExtensibilityGlobals) = postSolution
		SolutionGuid = {B7218B08-8499-4FCF-A666-F2329DE0FC2F}
	EndGlobalSection
EndGlobal
